// !$*UTF8*$!
{
	archiveVersion = 1;
	classes = {
	};
	objectVersion = 77;
	objects = {

/* Begin PBXContainerItemProxy section */
		21E97E2D2CF76FFB00F607A8 /* PBXContainerItemProxy */ = {
			isa = PBXContainerItemProxy;
			containerPortal = 21E97E132CF76FFA00F607A8 /* Project object */;
			proxyType = 1;
			remoteGlobalIDString = 21E97E1A2CF76FFA00F607A8;
			remoteInfo = RAMMenu;
		};
		21E97E372CF76FFB00F607A8 /* PBXContainerItemProxy */ = {
			isa = PBXContainerItemProxy;
			containerPortal = 21E97E132CF76FFA00F607A8 /* Project object */;
			proxyType = 1;
			remoteGlobalIDString = 21E97E1A2CF76FFA00F607A8;
			remoteInfo = RAMMenu;
		};
/* End PBXContainerItemProxy section */

/* Begin PBXFileReference section */
		21E97E1B2CF76FFA00F607A8 /* RAMMenu.app */ = {isa = PBXFileReference; explicitFileType = wrapper.application; includeInIndex = 0; path = RAMMenu.app; sourceTree = BUILT_PRODUCTS_DIR; };
		21E97E2C2CF76FFB00F607A8 /* RAMMenuTests.xctest */ = {isa = PBXFileReference; explicitFileType = wrapper.cfbundle; includeInIndex = 0; path = RAMMenuTests.xctest; sourceTree = BUILT_PRODUCTS_DIR; };
		21E97E362CF76FFB00F607A8 /* RAMMenuUITests.xctest */ = {isa = PBXFileReference; explicitFileType = wrapper.cfbundle; includeInIndex = 0; path = RAMMenuUITests.xctest; sourceTree = BUILT_PRODUCTS_DIR; };
/* End PBXFileReference section */

/* Begin PBXFileSystemSynchronizedRootGroup section */
		21E97E1D2CF76FFA00F607A8 /* RAMMenu */ = {
			isa = PBXFileSystemSynchronizedRootGroup;
			path = RAMMenu;
			sourceTree = "<group>";
		};
		21E97E2F2CF76FFB00F607A8 /* RAMMenuTests */ = {
			isa = PBXFileSystemSynchronizedRootGroup;
			path = RAMMenuTests;
			sourceTree = "<group>";
		};
		21E97E392CF76FFB00F607A8 /* RAMMenuUITests */ = {
			isa = PBXFileSystemSynchronizedRootGroup;
			path = RAMMenuUITests;
			sourceTree = "<group>";
		};
/* End PBXFileSystemSynchronizedRootGroup section */

/* Begin PBXFrameworksBuildPhase section */
		21E97E182CF76FFA00F607A8 /* Frameworks */ = {
			isa = PBXFrameworksBuildPhase;
			buildActionMask = 2147483647;
			files = (
			);
			runOnlyForDeploymentPostprocessing = 0;
		};
		21E97E292CF76FFB00F607A8 /* Frameworks */ = {
			isa = PBXFrameworksBuildPhase;
			buildActionMask = 2147483647;
			files = (
			);
			runOnlyForDeploymentPostprocessing = 0;
		};
		21E97E332CF76FFB00F607A8 /* Frameworks */ = {
			isa = PBXFrameworksBuildPhase;
			buildActionMask = 2147483647;
			files = (
			);
			runOnlyForDeploymentPostprocessing = 0;
		};
/* End PBXFrameworksBuildPhase section */

/* Begin PBXGroup section */
		21E97E122CF76FFA00F607A8 = {
			isa = PBXGroup;
			children = (
				21E97E1D2CF76FFA00F607A8 /* RAMMenu */,
				21E97E2F2CF76FFB00F607A8 /* RAMMenuTests */,
				21E97E392CF76FFB00F607A8 /* RAMMenuUITests */,
				21E97E1C2CF76FFA00F607A8 /* Products */,
			);
			sourceTree = "<group>";
		};
		21E97E1C2CF76FFA00F607A8 /* Products */ = {
			isa = PBXGroup;
			children = (
				21E97E1B2CF76FFA00F607A8 /* RAMMenu.app */,
				21E97E2C2CF76FFB00F607A8 /* RAMMenuTests.xctest */,
				21E97E362CF76FFB00F607A8 /* RAMMenuUITests.xctest */,
			);
			name = Products;
			sourceTree = "<group>";
		};
/* End PBXGroup section */

/* Begin PBXNativeTarget section */
		21E97E1A2CF76FFA00F607A8 /* RAMMenu */ = {
			isa = PBXNativeTarget;
			buildConfigurationList = 21E97E402CF76FFB00F607A8 /* Build configuration list for PBXNativeTarget "RAMMenu" */;
			buildPhases = (
				21E97E172CF76FFA00F607A8 /* Sources */,
				21E97E182CF76FFA00F607A8 /* Frameworks */,
				21E97E192CF76FFA00F607A8 /* Resources */,
			);
			buildRules = (
			);
			dependencies = (
			);
			fileSystemSynchronizedGroups = (
				21E97E1D2CF76FFA00F607A8 /* RAMMenu */,
			);
			name = RAMMenu;
			packageProductDependencies = (
			);
			productName = RAMMenu;
			productReference = 21E97E1B2CF76FFA00F607A8 /* RAMMenu.app */;
			productType = "com.apple.product-type.application";
		};
		21E97E2B2CF76FFB00F607A8 /* RAMMenuTests */ = {
			isa = PBXNativeTarget;
			buildConfigurationList = 21E97E432CF76FFB00F607A8 /* Build configuration list for PBXNativeTarget "RAMMenuTests" */;
			buildPhases = (
				21E97E282CF76FFB00F607A8 /* Sources */,
				21E97E292CF76FFB00F607A8 /* Frameworks */,
				21E97E2A2CF76FFB00F607A8 /* Resources */,
			);
			buildRules = (
			);
			dependencies = (
				21E97E2E2CF76FFB00F607A8 /* PBXTargetDependency */,
			);
			fileSystemSynchronizedGroups = (
				21E97E2F2CF76FFB00F607A8 /* RAMMenuTests */,
			);
			name = RAMMenuTests;
			packageProductDependencies = (
			);
			productName = RAMMenuTests;
			productReference = 21E97E2C2CF76FFB00F607A8 /* RAMMenuTests.xctest */;
			productType = "com.apple.product-type.bundle.unit-test";
		};
		21E97E352CF76FFB00F607A8 /* RAMMenuUITests */ = {
			isa = PBXNativeTarget;
			buildConfigurationList = 21E97E462CF76FFB00F607A8 /* Build configuration list for PBXNativeTarget "RAMMenuUITests" */;
			buildPhases = (
				21E97E322CF76FFB00F607A8 /* Sources */,
				21E97E332CF76FFB00F607A8 /* Frameworks */,
				21E97E342CF76FFB00F607A8 /* Resources */,
			);
			buildRules = (
			);
			dependencies = (
				21E97E382CF76FFB00F607A8 /* PBXTargetDependency */,
			);
			fileSystemSynchronizedGroups = (
				21E97E392CF76FFB00F607A8 /* RAMMenuUITests */,
			);
			name = RAMMenuUITests;
			packageProductDependencies = (
			);
			productName = RAMMenuUITests;
			productReference = 21E97E362CF76FFB00F607A8 /* RAMMenuUITests.xctest */;
			productType = "com.apple.product-type.bundle.ui-testing";
		};
/* End PBXNativeTarget section */

/* Begin PBXProject section */
		21E97E132CF76FFA00F607A8 /* Project object */ = {
			isa = PBXProject;
			attributes = {
				BuildIndependentTargetsInParallel = 1;
				LastSwiftUpdateCheck = 1610;
				LastUpgradeCheck = 1610;
				TargetAttributes = {
					21E97E1A2CF76FFA00F607A8 = {
						CreatedOnToolsVersion = 16.1;
					};
					21E97E2B2CF76FFB00F607A8 = {
						CreatedOnToolsVersion = 16.1;
						TestTargetID = 21E97E1A2CF76FFA00F607A8;
					};
					21E97E352CF76FFB00F607A8 = {
						CreatedOnToolsVersion = 16.1;
						TestTargetID = 21E97E1A2CF76FFA00F607A8;
					};
				};
			};
			buildConfigurationList = 21E97E162CF76FFA00F607A8 /* Build configuration list for PBXProject "RAMMenu" */;
			developmentRegion = en;
			hasScannedForEncodings = 0;
			knownRegions = (
				en,
				Base,
			);
			mainGroup = 21E97E122CF76FFA00F607A8;
			minimizedProjectReferenceProxies = 1;
			preferredProjectObjectVersion = 77;
			productRefGroup = 21E97E1C2CF76FFA00F607A8 /* Products */;
			projectDirPath = "";
			projectRoot = "";
			targets = (
				21E97E1A2CF76FFA00F607A8 /* RAMMenu */,
				21E97E2B2CF76FFB00F607A8 /* RAMMenuTests */,
				21E97E352CF76FFB00F607A8 /* RAMMenuUITests */,
			);
		};
/* End PBXProject section */

/* Begin PBXResourcesBuildPhase section */
		21E97E192CF76FFA00F607A8 /* Resources */ = {
			isa = PBXResourcesBuildPhase;
			buildActionMask = 2147483647;
			files = (
			);
			runOnlyForDeploymentPostprocessing = 0;
		};
		21E97E2A2CF76FFB00F607A8 /* Resources */ = {
			isa = PBXResourcesBuildPhase;
			buildActionMask = 2147483647;
			files = (
			);
			runOnlyForDeploymentPostprocessing = 0;
		};
		21E97E342CF76FFB00F607A8 /* Resources */ = {
			isa = PBXResourcesBuildPhase;
			buildActionMask = 2147483647;
			files = (
			);
			runOnlyForDeploymentPostprocessing = 0;
		};
/* End PBXResourcesBuildPhase section */

/* Begin PBXSourcesBuildPhase section */
		21E97E172CF76FFA00F607A8 /* Sources */ = {
			isa = PBXSourcesBuildPhase;
			buildActionMask = 2147483647;
			files = (
			);
			runOnlyForDeploymentPostprocessing = 0;
		};
		21E97E282CF76FFB00F607A8 /* Sources */ = {
			isa = PBXSourcesBuildPhase;
			buildActionMask = 2147483647;
			files = (
			);
			runOnlyForDeploymentPostprocessing = 0;
		};
		21E97E322CF76FFB00F607A8 /* Sources */ = {
			isa = PBXSourcesBuildPhase;
			buildActionMask = 2147483647;
			files = (
			);
			runOnlyForDeploymentPostprocessing = 0;
		};
/* End PBXSourcesBuildPhase section */

/* Begin PBXTargetDependency section */
		21E97E2E2CF76FFB00F607A8 /* PBXTargetDependency */ = {
			isa = PBXTargetDependency;
			target = 21E97E1A2CF76FFA00F607A8 /* RAMMenu */;
			targetProxy = 21E97E2D2CF76FFB00F607A8 /* PBXContainerItemProxy */;
		};
		21E97E382CF76FFB00F607A8 /* PBXTargetDependency */ = {
			isa = PBXTargetDependency;
			target = 21E97E1A2CF76FFA00F607A8 /* RAMMenu */;
			targetProxy = 21E97E372CF76FFB00F607A8 /* PBXContainerItemProxy */;
		};
/* End PBXTargetDependency section */

/* Begin XCBuildConfiguration section */
		21E97E3E2CF76FFB00F607A8 /* Debug */ = {
			isa = XCBuildConfiguration;
			buildSettings = {
				ALWAYS_SEARCH_USER_PATHS = NO;
				ASSETCATALOG_COMPILER_GENERATE_SWIFT_ASSET_SYMBOL_EXTENSIONS = YES;
				CLANG_ANALYZER_NONNULL = YES;
				CLANG_ANALYZER_NUMBER_OBJECT_CONVERSION = YES_AGGRESSIVE;
				CLANG_CXX_LANGUAGE_STANDARD = "gnu++20";
				CLANG_ENABLE_MODULES = YES;
				CLANG_ENABLE_OBJC_ARC = YES;
				CLANG_ENABLE_OBJC_WEAK = YES;
				CLANG_WARN_BLOCK_CAPTURE_AUTORELEASING = YES;
				CLANG_WARN_BOOL_CONVERSION = YES;
				CLANG_WARN_COMMA = YES;
				CLANG_WARN_CONSTANT_CONVERSION = YES;
				CLANG_WARN_DEPRECATED_OBJC_IMPLEMENTATIONS = YES;
				CLANG_WARN_DIRECT_OBJC_ISA_USAGE = YES_ERROR;
				CLANG_WARN_DOCUMENTATION_COMMENTS = YES;
				CLANG_WARN_EMPTY_BODY = YES;
				CLANG_WARN_ENUM_CONVERSION = YES;
				CLANG_WARN_INFINITE_RECURSION = YES;
				CLANG_WARN_INT_CONVERSION = YES;
				CLANG_WARN_NON_LITERAL_NULL_CONVERSION = YES;
				CLANG_WARN_OBJC_IMPLICIT_RETAIN_SELF = YES;
				CLANG_WARN_OBJC_LITERAL_CONVERSION = YES;
				CLANG_WARN_OBJC_ROOT_CLASS = YES_ERROR;
				CLANG_WARN_QUOTED_INCLUDE_IN_FRAMEWORK_HEADER = YES;
				CLANG_WARN_RANGE_LOOP_ANALYSIS = YES;
				CLANG_WARN_STRICT_PROTOTYPES = YES;
				CLANG_WARN_SUSPICIOUS_MOVE = YES;
				CLANG_WARN_UNGUARDED_AVAILABILITY = YES_AGGRESSIVE;
				CLANG_WARN_UNREACHABLE_CODE = YES;
				CLANG_WARN__DUPLICATE_METHOD_MATCH = YES;
				COPY_PHASE_STRIP = NO;
				DEBUG_INFORMATION_FORMAT = dwarf;
				ENABLE_STRICT_OBJC_MSGSEND = YES;
				ENABLE_TESTABILITY = YES;
				ENABLE_USER_SCRIPT_SANDBOXING = YES;
				GCC_C_LANGUAGE_STANDARD = gnu17;
				GCC_DYNAMIC_NO_PIC = NO;
				GCC_NO_COMMON_BLOCKS = YES;
				GCC_OPTIMIZATION_LEVEL = 0;
				GCC_PREPROCESSOR_DEFINITIONS = (
					"DEBUG=1",
					"$(inherited)",
				);
				GCC_WARN_64_TO_32_BIT_CONVERSION = YES;
				GCC_WARN_ABOUT_RETURN_TYPE = YES_ERROR;
				GCC_WARN_UNDECLARED_SELECTOR = YES;
				GCC_WARN_UNINITIALIZED_AUTOS = YES_AGGRESSIVE;
				GCC_WARN_UNUSED_FUNCTION = YES;
				GCC_WARN_UNUSED_VARIABLE = YES;
				LOCALIZATION_PREFERS_STRING_CATALOGS = YES;
				MACOSX_DEPLOYMENT_TARGET = 15.1;
				MTL_ENABLE_DEBUG_INFO = INCLUDE_SOURCE;
				MTL_FAST_MATH = YES;
				ONLY_ACTIVE_ARCH = YES;
				SDKROOT = macosx;
				SWIFT_ACTIVE_COMPILATION_CONDITIONS = "DEBUG $(inherited)";
				SWIFT_OPTIMIZATION_LEVEL = "-Onone";
			};
			name = Debug;
		};
		21E97E3F2CF76FFB00F607A8 /* Release */ = {
			isa = XCBuildConfiguration;
			buildSettings = {
				ALWAYS_SEARCH_USER_PATHS = NO;
				ASSETCATALOG_COMPILER_GENERATE_SWIFT_ASSET_SYMBOL_EXTENSIONS = YES;
				CLANG_ANALYZER_NONNULL = YES;
				CLANG_ANALYZER_NUMBER_OBJECT_CONVERSION = YES_AGGRESSIVE;
				CLANG_CXX_LANGUAGE_STANDARD = "gnu++20";
				CLANG_ENABLE_MODULES = YES;
				CLANG_ENABLE_OBJC_ARC = YES;
				CLANG_ENABLE_OBJC_WEAK = YES;
				CLANG_WARN_BLOCK_CAPTURE_AUTORELEASING = YES;
				CLANG_WARN_BOOL_CONVERSION = YES;
				CLANG_WARN_COMMA = YES;
				CLANG_WARN_CONSTANT_CONVERSION = YES;
				CLANG_WARN_DEPRECATED_OBJC_IMPLEMENTATIONS = YES;
				CLANG_WARN_DIRECT_OBJC_ISA_USAGE = YES_ERROR;
				CLANG_WARN_DOCUMENTATION_COMMENTS = YES;
				CLANG_WARN_EMPTY_BODY = YES;
				CLANG_WARN_ENUM_CONVERSION = YES;
				CLANG_WARN_INFINITE_RECURSION = YES;
				CLANG_WARN_INT_CONVERSION = YES;
				CLANG_WARN_NON_LITERAL_NULL_CONVERSION = YES;
				CLANG_WARN_OBJC_IMPLICIT_RETAIN_SELF = YES;
				CLANG_WARN_OBJC_LITERAL_CONVERSION = YES;
				CLANG_WARN_OBJC_ROOT_CLASS = YES_ERROR;
				CLANG_WARN_QUOTED_INCLUDE_IN_FRAMEWORK_HEADER = YES;
				CLANG_WARN_RANGE_LOOP_ANALYSIS = YES;
				CLANG_WARN_STRICT_PROTOTYPES = YES;
				CLANG_WARN_SUSPICIOUS_MOVE = YES;
				CLANG_WARN_UNGUARDED_AVAILABILITY = YES_AGGRESSIVE;
				CLANG_WARN_UNREACHABLE_CODE = YES;
				CLANG_WARN__DUPLICATE_METHOD_MATCH = YES;
				COPY_PHASE_STRIP = NO;
				DEBUG_INFORMATION_FORMAT = "dwarf-with-dsym";
				ENABLE_NS_ASSERTIONS = NO;
				ENABLE_STRICT_OBJC_MSGSEND = YES;
				ENABLE_USER_SCRIPT_SANDBOXING = YES;
				GCC_C_LANGUAGE_STANDARD = gnu17;
				GCC_NO_COMMON_BLOCKS = YES;
				GCC_WARN_64_TO_32_BIT_CONVERSION = YES;
				GCC_WARN_ABOUT_RETURN_TYPE = YES_ERROR;
				GCC_WARN_UNDECLARED_SELECTOR = YES;
				GCC_WARN_UNINITIALIZED_AUTOS = YES_AGGRESSIVE;
				GCC_WARN_UNUSED_FUNCTION = YES;
				GCC_WARN_UNUSED_VARIABLE = YES;
				LOCALIZATION_PREFERS_STRING_CATALOGS = YES;
				MACOSX_DEPLOYMENT_TARGET = 15.1;
				MTL_ENABLE_DEBUG_INFO = NO;
				MTL_FAST_MATH = YES;
				SDKROOT = macosx;
				SWIFT_COMPILATION_MODE = wholemodule;
			};
			name = Release;
		};
		21E97E412CF76FFB00F607A8 /* Debug */ = {
			isa = XCBuildConfiguration;
			buildSettings = {
				ASSETCATALOG_COMPILER_APPICON_NAME = AppIcon;
				ASSETCATALOG_COMPILER_GLOBAL_ACCENT_COLOR_NAME = AccentColor;
				CODE_SIGN_ENTITLEMENTS = RAMMenu/RAMMenu.entitlements;
				CODE_SIGN_STYLE = Automatic;
				COMBINE_HIDPI_IMAGES = YES;
				CURRENT_PROJECT_VERSION = 1;
				DEVELOPMENT_ASSET_PATHS = "\"RAMMenu/Preview Content\"";
				DEVELOPMENT_TEAM = F6266H32KA;
				ENABLE_HARDENED_RUNTIME = YES;
				ENABLE_PREVIEWS = YES;
				GENERATE_INFOPLIST_FILE = YES;
				INFOPLIST_KEY_LSUIElement = YES;
				INFOPLIST_KEY_NSHumanReadableCopyright = "";
				LD_RUNPATH_SEARCH_PATHS = (
					"$(inherited)",
					"@executable_path/../Frameworks",
				);
				MARKETING_VERSION = 1.0;
				PRODUCT_BUNDLE_IDENTIFIER = com.MPApps.RAMMenu;
				PRODUCT_NAME = "$(TARGET_NAME)";
				SWIFT_EMIT_LOC_STRINGS = YES;
				SWIFT_VERSION = 5.0;
			};
			name = Debug;
		};
		21E97E422CF76FFB00F607A8 /* Release */ = {
			isa = XCBuildConfiguration;
			buildSettings = {
				ASSETCATALOG_COMPILER_APPICON_NAME = AppIcon;
				ASSETCATALOG_COMPILER_GLOBAL_ACCENT_COLOR_NAME = AccentColor;
				CODE_SIGN_ENTITLEMENTS = RAMMenu/RAMMenu.entitlements;
				CODE_SIGN_STYLE = Automatic;
				COMBINE_HIDPI_IMAGES = YES;
				CURRENT_PROJECT_VERSION = 1;
				DEVELOPMENT_ASSET_PATHS = "\"RAMMenu/Preview Content\"";
				DEVELOPMENT_TEAM = F6266H32KA;
				ENABLE_HARDENED_RUNTIME = YES;
				ENABLE_PREVIEWS = YES;
				GENERATE_INFOPLIST_FILE = YES;
				INFOPLIST_KEY_LSUIElement = YES;
				INFOPLIST_KEY_NSHumanReadableCopyright = "";
				LD_RUNPATH_SEARCH_PATHS = (
					"$(inherited)",
					"@executable_path/../Frameworks",
				);
				MARKETING_VERSION = 1.0;
				PRODUCT_BUNDLE_IDENTIFIER = com.MPApps.RAMMenu;
				PRODUCT_NAME = "$(TARGET_NAME)";
				SWIFT_EMIT_LOC_STRINGS = YES;
				SWIFT_VERSION = 5.0;
			};
			name = Release;
		};
		21E97E442CF76FFB00F607A8 /* Debug */ = {
			isa = XCBuildConfiguration;
			buildSettings = {
				BUNDLE_LOADER = "$(TEST_HOST)";
				CODE_SIGN_STYLE = Automatic;
				CURRENT_PROJECT_VERSION = 1;
				DEVELOPMENT_TEAM = F6266H32KA;
				GENERATE_INFOPLIST_FILE = YES;
				MACOSX_DEPLOYMENT_TARGET = 15.1;
				MARKETING_VERSION = 1.0;
				PRODUCT_BUNDLE_IDENTIFIER = com.MPApps.RAMMenuTests;
				PRODUCT_NAME = "$(TARGET_NAME)";
				SWIFT_EMIT_LOC_STRINGS = NO;
				SWIFT_VERSION = 5.0;
				TEST_HOST = "$(BUILT_PRODUCTS_DIR)/RAMMenu.app/$(BUNDLE_EXECUTABLE_FOLDER_PATH)/RAMMenu";
			};
			name = Debug;
		};
		21E97E452CF76FFB00F607A8 /* Release */ = {
			isa = XCBuildConfiguration;
			buildSettings = {
				BUNDLE_LOADER = "$(TEST_HOST)";
				CODE_SIGN_STYLE = Automatic;
				CURRENT_PROJECT_VERSION = 1;
				DEVELOPMENT_TEAM = F6266H32KA;
				GENERATE_INFOPLIST_FILE = YES;
				MACOSX_DEPLOYMENT_TARGET = 15.1;
				MARKETING_VERSION = 1.0;
				PRODUCT_BUNDLE_IDENTIFIER = com.MPApps.RAMMenuTests;
				PRODUCT_NAME = "$(TARGET_NAME)";
				SWIFT_EMIT_LOC_STRINGS = NO;
				SWIFT_VERSION = 5.0;
				TEST_HOST = "$(BUILT_PRODUCTS_DIR)/RAMMenu.app/$(BUNDLE_EXECUTABLE_FOLDER_PATH)/RAMMenu";
			};
			name = Release;
		};
		21E97E472CF76FFB00F607A8 /* Debug */ = {
			isa = XCBuildConfiguration;
			buildSettings = {
				CODE_SIGN_STYLE = Automatic;
				CURRENT_PROJECT_VERSION = 1;
				DEVELOPMENT_TEAM = F6266H32KA;
				GENERATE_INFOPLIST_FILE = YES;
				MARKETING_VERSION = 1.0;
				PRODUCT_BUNDLE_IDENTIFIER = com.MPApps.RAMMenuUITests;
				PRODUCT_NAME = "$(TARGET_NAME)";
				SWIFT_EMIT_LOC_STRINGS = NO;
				SWIFT_VERSION = 5.0;
				TEST_TARGET_NAME = RAMMenu;
			};
			name = Debug;
		};
		21E97E482CF76FFB00F607A8 /* Release */ = {
			isa = XCBuildConfiguration;
			buildSettings = {
				CODE_SIGN_STYLE = Automatic;
				CURRENT_PROJECT_VERSION = 1;
				DEVELOPMENT_TEAM = F6266H32KA;
				GENERATE_INFOPLIST_FILE = YES;
				MARKETING_VERSION = 1.0;
				PRODUCT_BUNDLE_IDENTIFIER = com.MPApps.RAMMenuUITests;
				PRODUCT_NAME = "$(TARGET_NAME)";
				SWIFT_EMIT_LOC_STRINGS = NO;
				SWIFT_VERSION = 5.0;
				TEST_TARGET_NAME = RAMMenu;
			};
			name = Release;
		};
/* End XCBuildConfiguration section */

/* Begin XCConfigurationList section */
		21E97E162CF76FFA00F607A8 /* Build configuration list for PBXProject "RAMMenu" */ = {
			isa = XCConfigurationList;
			buildConfigurations = (
				21E97E3E2CF76FFB00F607A8 /* Debug */,
				21E97E3F2CF76FFB00F607A8 /* Release */,
			);
			defaultConfigurationIsVisible = 0;
			defaultConfigurationName = Release;
		};
		21E97E402CF76FFB00F607A8 /* Build configuration list for PBXNativeTarget "RAMMenu" */ = {
			isa = XCConfigurationList;
			buildConfigurations = (
				21E97E412CF76FFB00F607A8 /* Debug */,
				21E97E422CF76FFB00F607A8 /* Release */,
			);
			defaultConfigurationIsVisible = 0;
			defaultConfigurationName = Release;
		};
		21E97E432CF76FFB00F607A8 /* Build configuration list for PBXNativeTarget "RAMMenuTests" */ = {
			isa = XCConfigurationList;
			buildConfigurations = (
				21E97E442CF76FFB00F607A8 /* Debug */,
				21E97E452CF76FFB00F607A8 /* Release */,
			);
			defaultConfigurationIsVisible = 0;
			defaultConfigurationName = Release;
		};
		21E97E462CF76FFB00F607A8 /* Build configuration list for PBXNativeTarget "RAMMenuUITests" */ = {
			isa = XCConfigurationList;
			buildConfigurations = (
				21E97E472CF76FFB00F607A8 /* Debug */,
				21E97E482CF76FFB00F607A8 /* Release */,
			);
			defaultConfigurationIsVisible = 0;
			defaultConfigurationName = Release;
		};
/* End XCConfigurationList section */
	};
	rootObject = 21E97E132CF76FFA00F607A8 /* Project object */;
}
